
Microsoft Visual Studio Solution File, Format Version 12.00
# Visual Studio 2013
VisualStudioVersion = 12.0.21005.1
MinimumVisualStudioVersion = 10.0.40219.1
Project("{FAE04EC0-301F-11D3-BF4B-00C04F79EFBC}") = "KantVinoV2", "KantVinoV2\KantVinoV2.csproj", "{3EEE35FC-6BBB-41BD-B56C-8F35B57BB3CE}"
EndProject
Project("{FAE04EC0-301F-11D3-BF4B-00C04F79EFBC}") = "КантВиноНастройка", "КантВиноНастройка\КантВиноНастройка.csproj", "{9DD28723-7CC8-4E78-B822-CEC493B8089C}"
EndProject
Global
	GlobalSection(SolutionConfigurationPlatforms) = preSolution
		Debug|Any CPU = Debug|Any CPU
		Release|Any CPU = Release|Any CPU
	EndGlobalSection
	GlobalSection(ProjectConfigurationPlatforms) = postSolution
		{3EEE35FC-6BBB-41BD-B56C-8F35B57BB3CE}.Debug|Any CPU.ActiveCfg = Debug|Any CPU
		{3EEE35FC-6BBB-41BD-B56C-8F35B57BB3CE}.Debug|Any CPU.Build.0 = Debug|Any CPU
		{3EEE35FC-6BBB-41BD-B56C-8F35B57BB3CE}.Release|Any CPU.ActiveCfg = Release|Any CPU
		{3EEE35FC-6BBB-41BD-B56C-8F35B57BB3CE}.Release|Any CPU.Build.0 = Release|Any CPU
		{9DD28723-7CC8-4E78-B822-CEC493B8089C}.Debug|Any CPU.ActiveCfg = Debug|Any CPU
		{9DD28723-7CC8-4E78-B822-CEC493B8089C}.Debug|Any CPU.Build.0 = Debug|Any CPU
		{9DD28723-7CC8-4E78-B822-CEC493B8089C}.Release|Any CPU.ActiveCfg = Release|Any CPU
		{9DD28723-7CC8-4E78-B822-CEC493B8089C}.Release|Any CPU.Build.0 = Release|Any CPU
	EndGlobalSection
	GlobalSection(SolutionProperties) = preSolution
		HideSolutionNode = FALSE
	EndGlobalSection
EndGlobal
